{
  "name": "social-media-posts",
  "lockfileVersion": 3,
  "requires": true,
  "packages": {
    "": {
      "dependencies": {
        "reflect-metadata": "^0.1.13",
        "typescript-ioc": "^3.2.2"
      }
    },
    "node_modules/lodash.get": {
      "version": "4.4.2",
      "resolved": "https://registry.npmjs.org/lodash.get/-/lodash.get-4.4.2.tgz",
      "integrity": "sha512-z+Uw/vLuy6gQe8cfaFWD7p0wVv8fJl3mbzXh33RS+0oW2wvUqiRXiQ69gLWSLpgB5/6sU+r6BlQR0MBILadqTQ=="
    },
    "node_modules/lodash.set": {
      "version": "4.3.2",
      "resolved": "https://registry.npmjs.org/lodash.set/-/lodash.set-4.3.2.tgz",
      "integrity": "sha512-4hNPN5jlm/N/HLMCO43v8BXKq9Z7QdAGc/VGrRD61w8gN9g/6jF9A4L1pbUgBLCffi0w9VsXfTOij5x8iTyFvg=="
    },
    "node_modules/reflect-metadata": {
      "version": "0.1.13",
      "resolved": "https://registry.npmjs.org/reflect-metadata/-/reflect-metadata-0.1.13.tgz",
      "integrity": "sha512-Ts1Y/anZELhSsjMcU605fU9RE4Oi3p5ORujwbIKXfWa+0Zxs510Qrmrce5/Jowq3cHSZSJqBjypxmHarc+vEWg=="
    },
    "node_modules/typescript-ioc": {
      "version": "3.2.2",
      "resolved": "https://registry.npmjs.org/typescript-ioc/-/typescript-ioc-3.2.2.tgz",
      "integrity": "sha512-NI09BFj213x8vqOboOgrQt94MdNfKuXi68pnp4obT9a3uRk5cVjTPagLwkvZJXpSN4iV3sbSGhlQgY2uHEBhoA==",
      "dependencies": {
        "lodash.get": "^4.4.2",
        "lodash.set": "^4.3.2",
        "reflect-metadata": "^0.1.13"
      }
    }
  }
}
